<?xml version="1.0" encoding="utf-8"?>
<Project ToolsVersion="4.0" xmlns="http://schemas.microsoft.com/developer/msbuild/2003">
  <ItemGroup>
    <Filter Include="Source">
      <UniqueIdentifier>{4FC737F1-C7A5-4376-A066-2A32D752A2FF}</UniqueIdentifier>
      <Extensions>cpp;c;cc;cxx;def;odl;idl;hpj;bat;asm;asmx</Extensions>
    </Filter>
    <Filter Include="Source\リソース ファイル">
      <UniqueIdentifier>{67DA6AB6-F800-4c08-8B7A-83BB121AAD01}</UniqueIdentifier>
      <Extensions>rc;ico;cur;bmp;dlg;rc2;rct;bin;rgs;gif;jpg;jpeg;jpe;resx;tiff;tif;png;wav;mfcribbon-ms</Extensions>
    </Filter>
    <Filter Include="Source\Scene">
      <UniqueIdentifier>{873cc807-033a-4495-a3aa-e761cccd77f0}</UniqueIdentifier>
    </Filter>
    <Filter Include="Source\Object">
      <UniqueIdentifier>{42e8fc0f-778c-4c7a-b8f1-f890c767e261}</UniqueIdentifier>
    </Filter>
    <Filter Include="Source\Object\UI">
      <UniqueIdentifier>{c1f30dfa-b770-4b1e-8678-7a87f4fd028c}</UniqueIdentifier>
    </Filter>
    <Filter Include="Source\Object\StaticObject">
      <UniqueIdentifier>{d10fff57-9856-469c-b3c6-66340576e9bc}</UniqueIdentifier>
    </Filter>
    <Filter Include="Source\Object\Wapon">
      <UniqueIdentifier>{bb84b7f7-f518-4e7a-bb87-41c7d53582a9}</UniqueIdentifier>
    </Filter>
    <Filter Include="Source\Object\Player">
      <UniqueIdentifier>{55cecd86-0221-47f4-80d7-14665d63f901}</UniqueIdentifier>
    </Filter>
    <Filter Include="Source\Object\Monster">
      <UniqueIdentifier>{81645504-274e-40fe-b5fe-0b92e6887f3a}</UniqueIdentifier>
    </Filter>
    <Filter Include="Source\Object\Monster\Dragon">
      <UniqueIdentifier>{b67f874c-555d-4d67-bd29-2c3b5e0344ec}</UniqueIdentifier>
    </Filter>
    <Filter Include="Source\Object\Monster\Dragon\Attack">
      <UniqueIdentifier>{91b861d5-ef34-4330-ae95-8cc0d31df0d0}</UniqueIdentifier>
    </Filter>
    <Filter Include="Source\Object\Player\PlayerState">
      <UniqueIdentifier>{2a010084-4c1c-4d02-a47a-d2a9a4a119ce}</UniqueIdentifier>
    </Filter>
    <Filter Include="Source\Object\Player\PlayerState\PlayerAction">
      <UniqueIdentifier>{1ac60921-b042-4024-8e77-d0d82c9f5a9d}</UniqueIdentifier>
    </Filter>
    <Filter Include="Source\Object\Player\PlayerState\PlayerAction\PaidAction">
      <UniqueIdentifier>{cb76e780-b490-49e5-b103-3115364d5377}</UniqueIdentifier>
    </Filter>
    <Filter Include="Source\Object\Player\PlayerState\PlayerAction\DrawnAction">
      <UniqueIdentifier>{d30df3f8-6b43-41cf-bd40-de47f7f68fed}</UniqueIdentifier>
    </Filter>
  </ItemGroup>
  <ItemGroup>
    <ClCompile Include="Sources\Object\UI\Timer.cpp">
      <Filter>Source\Object\UI</Filter>
    </ClCompile>
    <ClCompile Include="Sources\Object\StaticObject\PaidGoodsBox.cpp">
      <Filter>Source\Object\StaticObject</Filter>
    </ClCompile>
    <ClCompile Include="Sources\Object\Wapon\KohakuSword.cpp">
      <Filter>Source\Object\Wapon</Filter>
    </ClCompile>
    <ClCompile Include="Sources\Object\Player\PlayerMove.cpp">
      <Filter>Source\Object\Player</Filter>
    </ClCompile>
    <ClCompile Include="Sources\Object\Player\PlayerHunter.cpp">
      <Filter>Source\Object\Player</Filter>
    </ClCompile>
    <ClCompile Include="Sources\Object\Monster\Dragon\Dragon.cpp">
      <Filter>Source\Object\Monster\Dragon</Filter>
    </ClCompile>
    <ClCompile Include="Sources\Object\Monster\Dragon\Attack\DragonBite.cpp">
      <Filter>Source\Object\Monster\Dragon\Attack</Filter>
    </ClCompile>
    <ClCompile Include="Sources\Object\Monster\Dragon\Attack\DragonScream.cpp">
      <Filter>Source\Object\Monster\Dragon\Attack</Filter>
    </ClCompile>
    <ClCompile Include="Sources\Object\Monster\Dragon\Attack\DragonWingAttack.cpp">
      <Filter>Source\Object\Monster\Dragon\Attack</Filter>
    </ClCompile>
    <ClCompile Include="Sources\Object\Monster\Dragon\Attack\DragonTakeOff.cpp">
      <Filter>Source\Object\Monster\Dragon\Attack</Filter>
    </ClCompile>
    <ClCompile Include="Sources\Scene\EachScene.cpp">
      <Filter>Source\Scene</Filter>
    </ClCompile>
    <ClCompile Include="Sources\Scene\GameScene.cpp">
      <Filter>Source\Scene</Filter>
    </ClCompile>
    <ClCompile Include="Sources\Scene\PauseScene.cpp">
      <Filter>Source\Scene</Filter>
    </ClCompile>
    <ClCompile Include="Sources\Scene\ResultScene.cpp">
      <Filter>Source\Scene</Filter>
    </ClCompile>
    <ClCompile Include="Sources\Scene\TitleScene.cpp">
      <Filter>Source\Scene</Filter>
    </ClCompile>
    <ClCompile Include="Sources\Object\Player\PlayerState\PaidState.cpp">
      <Filter>Source\Object\Player\PlayerState</Filter>
    </ClCompile>
    <ClCompile Include="Sources\Object\Player\PlayerState\DrawnState.cpp">
      <Filter>Source\Object\Player\PlayerState</Filter>
    </ClCompile>
    <ClCompile Include="Sources\Object\Player\PlayerState\PlayerAction\PaidAction\PaidMoveAction.cpp">
      <Filter>Source\Object\Player\PlayerState\PlayerAction\PaidAction</Filter>
    </ClCompile>
    <ClCompile Include="Sources\Object\Player\PlayerState\PlayerAction\DrawnAction\DrawnMoveAction.cpp">
      <Filter>Source\Object\Player\PlayerState\PlayerAction\DrawnAction</Filter>
    </ClCompile>
    <ClCompile Include="Sources\Object\Player\PlayerState\PlayerAction\PaidAction\PaidWaitAction.cpp">
      <Filter>Source\Object\Player\PlayerState\PlayerAction\PaidAction</Filter>
    </ClCompile>
    <ClCompile Include="Sources\Object\Player\PlayerState\PlayerAction\DrawnAction\DrawnWaitAction.cpp">
      <Filter>Source\Object\Player\PlayerState\PlayerAction\DrawnAction</Filter>
    </ClCompile>
    <ClCompile Include="Sources\Object\Player\PlayerState\PlayerAction\AvoidanceAction.cpp">
      <Filter>Source\Object\Player\PlayerState\PlayerAction</Filter>
    </ClCompile>
  </ItemGroup>
  <ItemGroup>
    <ClInclude Include="Sources\Object\UI\Timer.h">
      <Filter>Source\Object\UI</Filter>
    </ClInclude>
    <ClInclude Include="Sources\Object\StaticObject\PaidGoodsBox.h">
      <Filter>Source\Object\StaticObject</Filter>
    </ClInclude>
    <ClInclude Include="Sources\Object\Wapon\Wapon.h">
      <Filter>Source\Object\Wapon</Filter>
    </ClInclude>
    <ClInclude Include="Sources\Object\Wapon\KohakuSword.h">
      <Filter>Source\Object\Wapon</Filter>
    </ClInclude>
    <ClInclude Include="Sources\Object\Player\PlayerMove.h">
      <Filter>Source\Object\Player</Filter>
    </ClInclude>
    <ClInclude Include="Sources\Object\Player\PlayerHunter.h">
      <Filter>Source\Object\Player</Filter>
    </ClInclude>
    <ClInclude Include="Sources\Object\Monster\MonsterAttack.h">
      <Filter>Source\Object\Monster</Filter>
    </ClInclude>
    <ClInclude Include="Sources\Object\Monster\Dragon\Dragon.h">
      <Filter>Source\Object\Monster\Dragon</Filter>
    </ClInclude>
    <ClInclude Include="Sources\Object\Monster\Dragon\Attack\DragonBite.h">
      <Filter>Source\Object\Monster\Dragon\Attack</Filter>
    </ClInclude>
    <ClInclude Include="Sources\Object\Monster\Dragon\Attack\DragonScream.h">
      <Filter>Source\Object\Monster\Dragon\Attack</Filter>
    </ClInclude>
    <ClInclude Include="Sources\Object\Monster\Dragon\Attack\DragonWingAttack.h">
      <Filter>Source\Object\Monster\Dragon\Attack</Filter>
    </ClInclude>
    <ClInclude Include="Sources\Object\Monster\Dragon\Attack\DragonTakeOff.h">
      <Filter>Source\Object\Monster\Dragon\Attack</Filter>
    </ClInclude>
    <ClInclude Include="Sources\Scene\EachScene.h">
      <Filter>Source\Scene</Filter>
    </ClInclude>
    <ClInclude Include="Sources\Scene\GameScene.h">
      <Filter>Source\Scene</Filter>
    </ClInclude>
    <ClInclude Include="Sources\Scene\PauseScene.h">
      <Filter>Source\Scene</Filter>
    </ClInclude>
    <ClInclude Include="Sources\Scene\ResultScene.h">
      <Filter>Source\Scene</Filter>
    </ClInclude>
    <ClInclude Include="Sources\Scene\TitleScene.h">
      <Filter>Source\Scene</Filter>
    </ClInclude>
    <ClInclude Include="Sources\Object\Player\PlayerState\PlayerState.h">
      <Filter>Source\Object\Player\PlayerState</Filter>
    </ClInclude>
    <ClInclude Include="Sources\Object\Player\PlayerState\PaidState.h">
      <Filter>Source\Object\Player\PlayerState</Filter>
    </ClInclude>
    <ClInclude Include="Sources\Object\Player\PlayerState\DrawnState.h">
      <Filter>Source\Object\Player\PlayerState</Filter>
    </ClInclude>
    <ClInclude Include="Sources\Object\Player\PlayerState\PlayerAction\PlayerAction.h">
      <Filter>Source\Object\Player\PlayerState\PlayerAction</Filter>
    </ClInclude>
    <ClInclude Include="Sources\Object\Player\PlayerState\PlayerAction\PaidAction\PaidMoveAction.h">
      <Filter>Source\Object\Player\PlayerState\PlayerAction\PaidAction</Filter>
    </ClInclude>
    <ClInclude Include="Sources\Object\Player\PlayerState\PlayerAction\DrawnAction\DrawnMoveAction.h">
      <Filter>Source\Object\Player\PlayerState\PlayerAction\DrawnAction</Filter>
    </ClInclude>
    <ClInclude Include="Sources\Object\Player\PlayerState\PlayerAction\PaidAction\PaidWaitAction.h">
      <Filter>Source\Object\Player\PlayerState\PlayerAction\PaidAction</Filter>
    </ClInclude>
    <ClInclude Include="Sources\Object\Player\PlayerState\PlayerAction\DrawnAction\DrawnWaitAction.h">
      <Filter>Source\Object\Player\PlayerState\PlayerAction\DrawnAction</Filter>
    </ClInclude>
    <ClInclude Include="Sources\Object\Player\PlayerState\PlayerAction\AvoidanceAction.h">
      <Filter>Source\Object\Player\PlayerState\PlayerAction</Filter>
    </ClInclude>
  </ItemGroup>
</Project>