<?xml version="1.0" encoding="utf-8"?>
<Project ToolsVersion="4.0" xmlns="http://schemas.microsoft.com/developer/msbuild/2003">
  <ItemGroup>
    <Filter Include="Source">
      <UniqueIdentifier>{4FC737F1-C7A5-4376-A066-2A32D752A2FF}</UniqueIdentifier>
      <Extensions>cpp;c;cc;cxx;def;odl;idl;hpj;bat;asm;asmx</Extensions>
    </Filter>
    <Filter Include="Source\リソース ファイル">
      <UniqueIdentifier>{67DA6AB6-F800-4c08-8B7A-83BB121AAD01}</UniqueIdentifier>
      <Extensions>rc;ico;cur;bmp;dlg;rc2;rct;bin;rgs;gif;jpg;jpeg;jpe;resx;tiff;tif;png;wav;mfcribbon-ms</Extensions>
    </Filter>
    <Filter Include="Source\Scene">
      <UniqueIdentifier>{873cc807-033a-4495-a3aa-e761cccd77f0}</UniqueIdentifier>
    </Filter>
    <Filter Include="Source\Object">
      <UniqueIdentifier>{42e8fc0f-778c-4c7a-b8f1-f890c767e261}</UniqueIdentifier>
    </Filter>
    <Filter Include="Source\Object\UI">
      <UniqueIdentifier>{c1f30dfa-b770-4b1e-8678-7a87f4fd028c}</UniqueIdentifier>
    </Filter>
    <Filter Include="Source\Object\StaticObject">
      <UniqueIdentifier>{d10fff57-9856-469c-b3c6-66340576e9bc}</UniqueIdentifier>
    </Filter>
    <Filter Include="Source\Object\Wapon">
      <UniqueIdentifier>{bb84b7f7-f518-4e7a-bb87-41c7d53582a9}</UniqueIdentifier>
    </Filter>
    <Filter Include="Source\Object\GameObject">
      <UniqueIdentifier>{e34f3388-dba0-444e-8532-c5e5e4fe059e}</UniqueIdentifier>
    </Filter>
    <Filter Include="Source\Object\GameObject\Player">
      <UniqueIdentifier>{55cecd86-0221-47f4-80d7-14665d63f901}</UniqueIdentifier>
    </Filter>
    <Filter Include="Source\Object\GameObject\Player\PlayerState">
      <UniqueIdentifier>{2a010084-4c1c-4d02-a47a-d2a9a4a119ce}</UniqueIdentifier>
    </Filter>
    <Filter Include="Source\Object\GameObject\Player\PlayerState\PaidState">
      <UniqueIdentifier>{26b1bd64-f50d-4430-977c-7650cb74ca68}</UniqueIdentifier>
    </Filter>
    <Filter Include="Source\Object\GameObject\Player\PlayerState\DrawnState">
      <UniqueIdentifier>{18304e6f-464c-4411-9311-e9ada4d91723}</UniqueIdentifier>
    </Filter>
    <Filter Include="Source\Object\GameObject\Monster">
      <UniqueIdentifier>{81645504-274e-40fe-b5fe-0b92e6887f3a}</UniqueIdentifier>
    </Filter>
    <Filter Include="Source\Object\GameObject\Monster\Dragon">
      <UniqueIdentifier>{b67f874c-555d-4d67-bd29-2c3b5e0344ec}</UniqueIdentifier>
    </Filter>
    <Filter Include="Source\Object\GameObject\Monster\Dragon\Attack">
      <UniqueIdentifier>{91b861d5-ef34-4330-ae95-8cc0d31df0d0}</UniqueIdentifier>
    </Filter>
    <Filter Include="Source\Object\Billboard">
      <UniqueIdentifier>{cbb48814-e9cf-4ddf-83d8-19966402b834}</UniqueIdentifier>
    </Filter>
    <Filter Include="Source\Object\GameObject\Player\PlayerState\AttackState">
      <UniqueIdentifier>{b960fede-5d59-4fe9-9b9a-cce5cae2bc94}</UniqueIdentifier>
    </Filter>
  </ItemGroup>
  <ItemGroup>
    <ClCompile Include="Sources\Object\UI\Timer.cpp">
      <Filter>Source\Object\UI</Filter>
    </ClCompile>
    <ClCompile Include="Sources\Object\StaticObject\PaidGoodsBox.cpp">
      <Filter>Source\Object\StaticObject</Filter>
    </ClCompile>
    <ClCompile Include="Sources\Object\Wapon\KohakuSword.cpp">
      <Filter>Source\Object\Wapon</Filter>
    </ClCompile>
    <ClCompile Include="Sources\Scene\EachScene.cpp">
      <Filter>Source\Scene</Filter>
    </ClCompile>
    <ClCompile Include="Sources\Scene\GameScene.cpp">
      <Filter>Source\Scene</Filter>
    </ClCompile>
    <ClCompile Include="Sources\Scene\PauseScene.cpp">
      <Filter>Source\Scene</Filter>
    </ClCompile>
    <ClCompile Include="Sources\Scene\ResultScene.cpp">
      <Filter>Source\Scene</Filter>
    </ClCompile>
    <ClCompile Include="Sources\Scene\TitleScene.cpp">
      <Filter>Source\Scene</Filter>
    </ClCompile>
    <ClCompile Include="Sources\Object\GameObject\GameObject.cpp">
      <Filter>Source\Object\GameObject</Filter>
    </ClCompile>
    <ClCompile Include="Sources\Object\GameObject\Player\PlayerState\PaidState\PaidMoveState.cpp">
      <Filter>Source\Object\GameObject\Player\PlayerState\PaidState</Filter>
    </ClCompile>
    <ClCompile Include="Sources\Object\GameObject\Player\PlayerState\PaidState\PaidWaitState.cpp">
      <Filter>Source\Object\GameObject\Player\PlayerState\PaidState</Filter>
    </ClCompile>
    <ClCompile Include="Sources\Object\GameObject\Player\PlayerState\DrawnState\DrawnWaitState.cpp">
      <Filter>Source\Object\GameObject\Player\PlayerState\DrawnState</Filter>
    </ClCompile>
    <ClCompile Include="Sources\Object\GameObject\Player\PlayerState\DrawnState\DrawnMoveState.cpp">
      <Filter>Source\Object\GameObject\Player\PlayerState\DrawnState</Filter>
    </ClCompile>
    <ClCompile Include="Sources\Object\GameObject\Player\PlayerState\AvoidanceState.cpp">
      <Filter>Source\Object\GameObject\Player\PlayerState</Filter>
    </ClCompile>
    <ClCompile Include="Sources\Object\GameObject\Player\PlayerState\KnockBackState.cpp">
      <Filter>Source\Object\GameObject\Player\PlayerState</Filter>
    </ClCompile>
    <ClCompile Include="Sources\Object\GameObject\Player\PlayerState\SetupState.cpp">
      <Filter>Source\Object\GameObject\Player\PlayerState</Filter>
    </ClCompile>
    <ClCompile Include="Sources\Object\GameObject\Player\Player.cpp">
      <Filter>Source\Object\GameObject\Player</Filter>
    </ClCompile>
    <ClCompile Include="Sources\Object\GameObject\Monster\Dragon\Dragon.cpp">
      <Filter>Source\Object\GameObject\Monster\Dragon</Filter>
    </ClCompile>
    <ClCompile Include="Sources\Object\GameObject\Monster\Dragon\Attack\DragonBite.cpp">
      <Filter>Source\Object\GameObject\Monster\Dragon\Attack</Filter>
    </ClCompile>
    <ClCompile Include="Sources\Object\GameObject\Monster\Dragon\Attack\DragonHit.cpp">
      <Filter>Source\Object\GameObject\Monster\Dragon\Attack</Filter>
    </ClCompile>
    <ClCompile Include="Sources\Object\GameObject\Monster\Dragon\Attack\DragonScream.cpp">
      <Filter>Source\Object\GameObject\Monster\Dragon\Attack</Filter>
    </ClCompile>
    <ClCompile Include="Sources\Object\GameObject\Monster\Dragon\Attack\DragonTakeOff.cpp">
      <Filter>Source\Object\GameObject\Monster\Dragon\Attack</Filter>
    </ClCompile>
    <ClCompile Include="Sources\Object\GameObject\Monster\Dragon\Attack\DragonWingAttack.cpp">
      <Filter>Source\Object\GameObject\Monster\Dragon\Attack</Filter>
    </ClCompile>
    <ClCompile Include="Sources\Object\GameObject\Player\PlayerState\DieState.cpp">
      <Filter>Source\Object\GameObject\Player\PlayerState</Filter>
    </ClCompile>
    <ClCompile Include="Sources\Object\GameObject\Monster\Dragon\DragonMoveController.cpp">
      <Filter>Source\Object\GameObject\Monster\Dragon</Filter>
    </ClCompile>
    <ClCompile Include="Sources\Object\UI\PlayerLife.cpp">
      <Filter>Source\Object\UI</Filter>
    </ClCompile>
    <ClCompile Include="Sources\Object\Billboard\BloodSplash.cpp">
      <Filter>Source\Object\Billboard</Filter>
    </ClCompile>
    <ClCompile Include="Sources\Object\UI\ItemList.cpp">
      <Filter>Source\Object\UI</Filter>
    </ClCompile>
    <ClCompile Include="Sources\Object\GameObject\Monster\Dragon\Attack\DragonRush.cpp">
      <Filter>Source\Object\GameObject\Monster\Dragon\Attack</Filter>
    </ClCompile>
    <ClCompile Include="Sources\Object\GameObject\Player\PlayerState\EmergencyAvoidanceState.cpp">
      <Filter>Source\Object\GameObject\Player\PlayerState</Filter>
    </ClCompile>
    <ClCompile Include="Sources\Object\GameObject\Player\PlayerState\AttackState\Slash1AttackState.cpp">
      <Filter>Source\Object\GameObject\Player\PlayerState\AttackState</Filter>
    </ClCompile>
    <ClCompile Include="Sources\Object\GameObject\Player\PlayerState\AttackState\Slash2AttackState.cpp">
      <Filter>Source\Object\GameObject\Player\PlayerState\AttackState</Filter>
    </ClCompile>
    <ClCompile Include="Sources\Object\GameObject\Player\PlayerState\AttackState\Slash3AttackState.cpp">
      <Filter>Source\Object\GameObject\Player\PlayerState\AttackState</Filter>
    </ClCompile>
    <ClCompile Include="Sources\Object\GameObject\Player\PlayerState\AttackState\SetupAttackState.cpp">
      <Filter>Source\Object\GameObject\Player\PlayerState\AttackState</Filter>
    </ClCompile>
    <ClCompile Include="Sources\Object\GameObject\Player\PlayerState\AttackState\AttackBaseState.cpp">
      <Filter>Source\Object\GameObject\Player\PlayerState\AttackState</Filter>
    </ClCompile>
    <ClCompile Include="Sources\Object\StaticObject\WallA.cpp">
      <Filter>Source\Object\StaticObject</Filter>
    </ClCompile>
    <ClCompile Include="Sources\main.cpp">
      <Filter>Source</Filter>
    </ClCompile>
    <ClCompile Include="Sources\Object\UI\ClearFailed.cpp">
      <Filter>Source\Object\UI</Filter>
    </ClCompile>
    <ClCompile Include="Sources\Object\StaticObject\WallParts.cpp">
      <Filter>Source\Object\StaticObject</Filter>
    </ClCompile>
  </ItemGroup>
  <ItemGroup>
    <ClInclude Include="Sources\Object\UI\Timer.h">
      <Filter>Source\Object\UI</Filter>
    </ClInclude>
    <ClInclude Include="Sources\Object\StaticObject\PaidGoodsBox.h">
      <Filter>Source\Object\StaticObject</Filter>
    </ClInclude>
    <ClInclude Include="Sources\Object\Wapon\Wapon.h">
      <Filter>Source\Object\Wapon</Filter>
    </ClInclude>
    <ClInclude Include="Sources\Object\Wapon\KohakuSword.h">
      <Filter>Source\Object\Wapon</Filter>
    </ClInclude>
    <ClInclude Include="Sources\Scene\EachScene.h">
      <Filter>Source\Scene</Filter>
    </ClInclude>
    <ClInclude Include="Sources\Scene\GameScene.h">
      <Filter>Source\Scene</Filter>
    </ClInclude>
    <ClInclude Include="Sources\Scene\PauseScene.h">
      <Filter>Source\Scene</Filter>
    </ClInclude>
    <ClInclude Include="Sources\Scene\ResultScene.h">
      <Filter>Source\Scene</Filter>
    </ClInclude>
    <ClInclude Include="Sources\Scene\TitleScene.h">
      <Filter>Source\Scene</Filter>
    </ClInclude>
    <ClInclude Include="Sources\Object\GameObject\GameObject.h">
      <Filter>Source\Object\GameObject</Filter>
    </ClInclude>
    <ClInclude Include="Sources\Object\GameObject\Player\PlayerState\PaidState\PaidWaitState.h">
      <Filter>Source\Object\GameObject\Player\PlayerState\PaidState</Filter>
    </ClInclude>
    <ClInclude Include="Sources\Object\GameObject\Player\PlayerState\PaidState\PaidMoveState.h">
      <Filter>Source\Object\GameObject\Player\PlayerState\PaidState</Filter>
    </ClInclude>
    <ClInclude Include="Sources\Object\GameObject\Player\PlayerState\DrawnState\DrawnMoveState.h">
      <Filter>Source\Object\GameObject\Player\PlayerState\DrawnState</Filter>
    </ClInclude>
    <ClInclude Include="Sources\Object\GameObject\Player\PlayerState\DrawnState\DrawnWaitState.h">
      <Filter>Source\Object\GameObject\Player\PlayerState\DrawnState</Filter>
    </ClInclude>
    <ClInclude Include="Sources\Object\GameObject\Player\PlayerState\SetupState.h">
      <Filter>Source\Object\GameObject\Player\PlayerState</Filter>
    </ClInclude>
    <ClInclude Include="Sources\Object\GameObject\Player\PlayerState\AvoidanceState.h">
      <Filter>Source\Object\GameObject\Player\PlayerState</Filter>
    </ClInclude>
    <ClInclude Include="Sources\Object\GameObject\Player\PlayerState\KnockBackState.h">
      <Filter>Source\Object\GameObject\Player\PlayerState</Filter>
    </ClInclude>
    <ClInclude Include="Sources\Object\GameObject\Player\PlayerState\PlayerState.h">
      <Filter>Source\Object\GameObject\Player\PlayerState</Filter>
    </ClInclude>
    <ClInclude Include="Sources\Object\GameObject\Player\Player.h">
      <Filter>Source\Object\GameObject\Player</Filter>
    </ClInclude>
    <ClInclude Include="Sources\Object\GameObject\Monster\MonsterAttack.h">
      <Filter>Source\Object\GameObject\Monster</Filter>
    </ClInclude>
    <ClInclude Include="Sources\Object\GameObject\Monster\Dragon\Dragon.h">
      <Filter>Source\Object\GameObject\Monster\Dragon</Filter>
    </ClInclude>
    <ClInclude Include="Sources\Object\GameObject\Monster\Dragon\Attack\DragonBite.h">
      <Filter>Source\Object\GameObject\Monster\Dragon\Attack</Filter>
    </ClInclude>
    <ClInclude Include="Sources\Object\GameObject\Monster\Dragon\Attack\DragonHit.h">
      <Filter>Source\Object\GameObject\Monster\Dragon\Attack</Filter>
    </ClInclude>
    <ClInclude Include="Sources\Object\GameObject\Monster\Dragon\Attack\DragonScream.h">
      <Filter>Source\Object\GameObject\Monster\Dragon\Attack</Filter>
    </ClInclude>
    <ClInclude Include="Sources\Object\GameObject\Monster\Dragon\Attack\DragonTakeOff.h">
      <Filter>Source\Object\GameObject\Monster\Dragon\Attack</Filter>
    </ClInclude>
    <ClInclude Include="Sources\Object\GameObject\Monster\Dragon\Attack\DragonWingAttack.h">
      <Filter>Source\Object\GameObject\Monster\Dragon\Attack</Filter>
    </ClInclude>
    <ClInclude Include="Sources\Object\GameObject\Player\PlayerState\DieState.h">
      <Filter>Source\Object\GameObject\Player\PlayerState</Filter>
    </ClInclude>
    <ClInclude Include="Sources\Object\GameObject\Monster\Dragon\DragonMoveController.h">
      <Filter>Source\Object\GameObject\Monster\Dragon</Filter>
    </ClInclude>
    <ClInclude Include="Sources\Object\UI\PlayerLife.h">
      <Filter>Source\Object\UI</Filter>
    </ClInclude>
    <ClInclude Include="Sources\Object\Billboard\BloodSplash.h">
      <Filter>Source\Object\Billboard</Filter>
    </ClInclude>
    <ClInclude Include="Sources\Object\UI\ItemList.h">
      <Filter>Source\Object\UI</Filter>
    </ClInclude>
    <ClInclude Include="Sources\Object\GameObject\Monster\Dragon\Attack\DragonRush.h">
      <Filter>Source\Object\GameObject\Monster\Dragon\Attack</Filter>
    </ClInclude>
    <ClInclude Include="Sources\Object\GameObject\Player\PlayerState\EmergencyAvoidanceState.h">
      <Filter>Source\Object\GameObject\Player\PlayerState</Filter>
    </ClInclude>
    <ClInclude Include="Sources\Object\GameObject\Player\PlayerState\AttackState\Slash1AttackState.h">
      <Filter>Source\Object\GameObject\Player\PlayerState\AttackState</Filter>
    </ClInclude>
    <ClInclude Include="Sources\Object\GameObject\Player\PlayerState\AttackState\Slash2AttackState.h">
      <Filter>Source\Object\GameObject\Player\PlayerState\AttackState</Filter>
    </ClInclude>
    <ClInclude Include="Sources\Object\GameObject\Player\PlayerState\AttackState\Slash3AttackState.h">
      <Filter>Source\Object\GameObject\Player\PlayerState\AttackState</Filter>
    </ClInclude>
    <ClInclude Include="Sources\Object\GameObject\Player\PlayerState\AttackState\SetupAttackState.h">
      <Filter>Source\Object\GameObject\Player\PlayerState\AttackState</Filter>
    </ClInclude>
    <ClInclude Include="Sources\Object\GameObject\Player\PlayerState\AttackState\AttackBaseState.h">
      <Filter>Source\Object\GameObject\Player\PlayerState\AttackState</Filter>
    </ClInclude>
    <ClInclude Include="Sources\Object\StaticObject\WallA.h">
      <Filter>Source\Object\StaticObject</Filter>
    </ClInclude>
    <ClInclude Include="Sources\Object\ObjectTag.h">
      <Filter>Source\Object</Filter>
    </ClInclude>
    <ClInclude Include="Sources\Object\UI\ClearFailed.h">
      <Filter>Source\Object\UI</Filter>
    </ClInclude>
    <ClInclude Include="Sources\Object\StaticObject\WallParts.h">
      <Filter>Source\Object\StaticObject</Filter>
    </ClInclude>
  </ItemGroup>
</Project>